// !$*UTF8*$!
{
	archiveVersion = 1;
	classes = {
	};
	objectVersion = 51;
	objects = {

/* Begin PBXBuildFile section */
		498772A625C19474567EBB4C /* Pods_Sabq.framework in Frameworks */ = {isa = PBXBuildFile; fileRef = F98EF09688DA941D3FFB027A /* Pods_Sabq.framework */; };
		B16DB9C1235A3C1B0035ECDF /* SliderCollectionViewCell.swift in Sources */ = {isa = PBXBuildFile; fileRef = B16DB9BF235A3C1B0035ECDF /* SliderCollectionViewCell.swift */; };
		B16DB9C2235A3C1B0035ECDF /* SliderCollectionViewCell.xib in Resources */ = {isa = PBXBuildFile; fileRef = B16DB9C0235A3C1B0035ECDF /* SliderCollectionViewCell.xib */; };
		CE2BBE36235C60D100F4D19B /* HomeApiResponse.swift in Sources */ = {isa = PBXBuildFile; fileRef = CE2BBE35235C60D100F4D19B /* HomeApiResponse.swift */; };
		CE2BBE3E235C7E5700F4D19B /* NetworkService+ActorsService.swift in Sources */ = {isa = PBXBuildFile; fileRef = CE2BBE3C235C7E5700F4D19B /* NetworkService+ActorsService.swift */; };
		CE2BBE3F235C7E5700F4D19B /* ProductService.swift in Sources */ = {isa = PBXBuildFile; fileRef = CE2BBE3D235C7E5700F4D19B /* ProductService.swift */; };
		CE2BBE44235C7E6600F4D19B /* NetworkDefaults.swift in Sources */ = {isa = PBXBuildFile; fileRef = CE2BBE40235C7E6600F4D19B /* NetworkDefaults.swift */; };
		CE2BBE45235C7E6600F4D19B /* NetworkError.swift in Sources */ = {isa = PBXBuildFile; fileRef = CE2BBE41235C7E6600F4D19B /* NetworkError.swift */; };
		CE2BBE46235C7E6600F4D19B /* NetworkManager.swift in Sources */ = {isa = PBXBuildFile; fileRef = CE2BBE42235C7E6600F4D19B /* NetworkManager.swift */; };
		CE2BBE47235C7E6600F4D19B /* StaticHeaderPlugin.swift in Sources */ = {isa = PBXBuildFile; fileRef = CE2BBE43235C7E6600F4D19B /* StaticHeaderPlugin.swift */; };
		CE38EA5C235C920600229585 /* Router.swift in Sources */ = {isa = PBXBuildFile; fileRef = CE38EA5B235C920600229585 /* Router.swift */; };
		CE38EA5E235C98E000229585 /* HomeModel.swift in Sources */ = {isa = PBXBuildFile; fileRef = CE38EA5D235C98E000229585 /* HomeModel.swift */; };
		CE38EA60235C991700229585 /* HomePresenter.swift in Sources */ = {isa = PBXBuildFile; fileRef = CE38EA5F235C991700229585 /* HomePresenter.swift */; };
		CE38EA62235C993B00229585 /* HomeModule.swift in Sources */ = {isa = PBXBuildFile; fileRef = CE38EA61235C993B00229585 /* HomeModule.swift */; };
		CE38EA64235C9AC900229585 /* HomeViewProtocol.swift in Sources */ = {isa = PBXBuildFile; fileRef = CE38EA63235C9AC900229585 /* HomeViewProtocol.swift */; };
		CE38EA68235C9D9E00229585 /* HomeModelProtocol.swift in Sources */ = {isa = PBXBuildFile; fileRef = CE38EA67235C9D9E00229585 /* HomeModelProtocol.swift */; };
		CE38EA6A235CBBD400229585 /* HomeAdapterProtocol.swift in Sources */ = {isa = PBXBuildFile; fileRef = CE38EA69235CBBD400229585 /* HomeAdapterProtocol.swift */; };
		CE38EA6C235CBC0300229585 /* HomeAdapter.swift in Sources */ = {isa = PBXBuildFile; fileRef = CE38EA6B235CBC0300229585 /* HomeAdapter.swift */; };
		CE38EA6F235CCD8500229585 /* BaseViewController.swift in Sources */ = {isa = PBXBuildFile; fileRef = CE38EA6E235CCD8500229585 /* BaseViewController.swift */; };
		CE38EA71235CCDC700229585 /* BasePresenterProtocol.swift in Sources */ = {isa = PBXBuildFile; fileRef = CE38EA70235CCDC700229585 /* BasePresenterProtocol.swift */; };
		CE38EA73235CCF0400229585 /* HomePresenterProtocol.swift in Sources */ = {isa = PBXBuildFile; fileRef = CE38EA72235CCF0400229585 /* HomePresenterProtocol.swift */; };
		CEA80EA52358A35E004C6C70 /* DetailsViewController.swift in Sources */ = {isa = PBXBuildFile; fileRef = CEA80EA32358A35E004C6C70 /* DetailsViewController.swift */; };
		CEA80EA62358A35E004C6C70 /* DetailsViewController.xib in Resources */ = {isa = PBXBuildFile; fileRef = CEA80EA42358A35E004C6C70 /* DetailsViewController.xib */; };
		CEA80EAA2358A55B004C6C70 /* SearchViewController.swift in Sources */ = {isa = PBXBuildFile; fileRef = CEA80EA82358A55B004C6C70 /* SearchViewController.swift */; };
		CEA80EAB2358A55B004C6C70 /* SearchViewController.xib in Resources */ = {isa = PBXBuildFile; fileRef = CEA80EA92358A55B004C6C70 /* SearchViewController.xib */; };
		CEF2D11E23587148005D2C96 /* Assets.xcassets in Resources */ = {isa = PBXBuildFile; fileRef = CEF2D11D23587148005D2C96 /* Assets.xcassets */; };
		CEF2D12123587148005D2C96 /* LaunchScreen.storyboard in Resources */ = {isa = PBXBuildFile; fileRef = CEF2D11F23587148005D2C96 /* LaunchScreen.storyboard */; };
		CEF2D1282358732C005D2C96 /* AppDelegate.swift in Sources */ = {isa = PBXBuildFile; fileRef = CEF2D11623587147005D2C96 /* AppDelegate.swift */; };
		CEF2D1292358732C005D2C96 /* ViewController.swift in Sources */ = {isa = PBXBuildFile; fileRef = CEF2D11823587147005D2C96 /* ViewController.swift */; };
		CEF2D139235891FA005D2C96 /* HomeViewController.swift in Sources */ = {isa = PBXBuildFile; fileRef = CEF2D137235891FA005D2C96 /* HomeViewController.swift */; };
		CEF2D13A235891FA005D2C96 /* HomeViewController.xib in Resources */ = {isa = PBXBuildFile; fileRef = CEF2D138235891FA005D2C96 /* HomeViewController.xib */; };
		CEF2D13D235892D5005D2C96 /* OrdinaryCellTableViewCell.swift in Sources */ = {isa = PBXBuildFile; fileRef = CEF2D13B235892D5005D2C96 /* OrdinaryCellTableViewCell.swift */; };
		CEF2D13E235892D5005D2C96 /* OrdinaryCellTableViewCell.xib in Resources */ = {isa = PBXBuildFile; fileRef = CEF2D13C235892D5005D2C96 /* OrdinaryCellTableViewCell.xib */; };
		CEF2D1412358930A005D2C96 /* SliderTableViewCell.swift in Sources */ = {isa = PBXBuildFile; fileRef = CEF2D13F2358930A005D2C96 /* SliderTableViewCell.swift */; };
		CEF2D1422358930A005D2C96 /* SliderTableViewCell.xib in Resources */ = {isa = PBXBuildFile; fileRef = CEF2D1402358930A005D2C96 /* SliderTableViewCell.xib */; };
/* End PBXBuildFile section */

/* Begin PBXFileReference section */
		012817EA5DEAD8C964936C39 /* Pods-Sabq.debug.xcconfig */ = {isa = PBXFileReference; includeInIndex = 1; lastKnownFileType = text.xcconfig; name = "Pods-Sabq.debug.xcconfig"; path = "Target Support Files/Pods-Sabq/Pods-Sabq.debug.xcconfig"; sourceTree = "<group>"; };
		32856859724E71E1228D61A7 /* Pods-Sabq.release.xcconfig */ = {isa = PBXFileReference; includeInIndex = 1; lastKnownFileType = text.xcconfig; name = "Pods-Sabq.release.xcconfig"; path = "Target Support Files/Pods-Sabq/Pods-Sabq.release.xcconfig"; sourceTree = "<group>"; };
		B16DB9BF235A3C1B0035ECDF /* SliderCollectionViewCell.swift */ = {isa = PBXFileReference; lastKnownFileType = sourcecode.swift; path = SliderCollectionViewCell.swift; sourceTree = "<group>"; };
		B16DB9C0235A3C1B0035ECDF /* SliderCollectionViewCell.xib */ = {isa = PBXFileReference; lastKnownFileType = file.xib; path = SliderCollectionViewCell.xib; sourceTree = "<group>"; };
		CE2BBE35235C60D100F4D19B /* HomeApiResponse.swift */ = {isa = PBXFileReference; lastKnownFileType = sourcecode.swift; path = HomeApiResponse.swift; sourceTree = "<group>"; };
		CE2BBE3C235C7E5700F4D19B /* NetworkService+ActorsService.swift */ = {isa = PBXFileReference; fileEncoding = 4; lastKnownFileType = sourcecode.swift; path = "NetworkService+ActorsService.swift"; sourceTree = "<group>"; };
		CE2BBE3D235C7E5700F4D19B /* ProductService.swift */ = {isa = PBXFileReference; fileEncoding = 4; lastKnownFileType = sourcecode.swift; path = ProductService.swift; sourceTree = "<group>"; };
		CE2BBE40235C7E6600F4D19B /* NetworkDefaults.swift */ = {isa = PBXFileReference; fileEncoding = 4; lastKnownFileType = sourcecode.swift; path = NetworkDefaults.swift; sourceTree = "<group>"; };
		CE2BBE41235C7E6600F4D19B /* NetworkError.swift */ = {isa = PBXFileReference; fileEncoding = 4; lastKnownFileType = sourcecode.swift; path = NetworkError.swift; sourceTree = "<group>"; };
		CE2BBE42235C7E6600F4D19B /* NetworkManager.swift */ = {isa = PBXFileReference; fileEncoding = 4; lastKnownFileType = sourcecode.swift; path = NetworkManager.swift; sourceTree = "<group>"; };
		CE2BBE43235C7E6600F4D19B /* StaticHeaderPlugin.swift */ = {isa = PBXFileReference; fileEncoding = 4; lastKnownFileType = sourcecode.swift; path = StaticHeaderPlugin.swift; sourceTree = "<group>"; };
		CE38EA5B235C920600229585 /* Router.swift */ = {isa = PBXFileReference; lastKnownFileType = sourcecode.swift; path = Router.swift; sourceTree = "<group>"; };
		CE38EA5D235C98E000229585 /* HomeModel.swift */ = {isa = PBXFileReference; lastKnownFileType = sourcecode.swift; path = HomeModel.swift; sourceTree = "<group>"; };
		CE38EA5F235C991700229585 /* HomePresenter.swift */ = {isa = PBXFileReference; lastKnownFileType = sourcecode.swift; path = HomePresenter.swift; sourceTree = "<group>"; };
		CE38EA61235C993B00229585 /* HomeModule.swift */ = {isa = PBXFileReference; lastKnownFileType = sourcecode.swift; path = HomeModule.swift; sourceTree = "<group>"; };
		CE38EA63235C9AC900229585 /* HomeViewProtocol.swift */ = {isa = PBXFileReference; lastKnownFileType = sourcecode.swift; path = HomeViewProtocol.swift; sourceTree = "<group>"; };
		CE38EA67235C9D9E00229585 /* HomeModelProtocol.swift */ = {isa = PBXFileReference; lastKnownFileType = sourcecode.swift; path = HomeModelProtocol.swift; sourceTree = "<group>"; };
		CE38EA69235CBBD400229585 /* HomeAdapterProtocol.swift */ = {isa = PBXFileReference; lastKnownFileType = sourcecode.swift; path = HomeAdapterProtocol.swift; sourceTree = "<group>"; };
		CE38EA6B235CBC0300229585 /* HomeAdapter.swift */ = {isa = PBXFileReference; lastKnownFileType = sourcecode.swift; path = HomeAdapter.swift; sourceTree = "<group>"; };
		CE38EA6E235CCD8500229585 /* BaseViewController.swift */ = {isa = PBXFileReference; lastKnownFileType = sourcecode.swift; path = BaseViewController.swift; sourceTree = "<group>"; };
		CE38EA70235CCDC700229585 /* BasePresenterProtocol.swift */ = {isa = PBXFileReference; lastKnownFileType = sourcecode.swift; path = BasePresenterProtocol.swift; sourceTree = "<group>"; };
		CE38EA72235CCF0400229585 /* HomePresenterProtocol.swift */ = {isa = PBXFileReference; lastKnownFileType = sourcecode.swift; path = HomePresenterProtocol.swift; sourceTree = "<group>"; };
		CEA80EA32358A35E004C6C70 /* DetailsViewController.swift */ = {isa = PBXFileReference; lastKnownFileType = sourcecode.swift; path = DetailsViewController.swift; sourceTree = "<group>"; };
		CEA80EA42358A35E004C6C70 /* DetailsViewController.xib */ = {isa = PBXFileReference; lastKnownFileType = file.xib; path = DetailsViewController.xib; sourceTree = "<group>"; };
		CEA80EA82358A55B004C6C70 /* SearchViewController.swift */ = {isa = PBXFileReference; lastKnownFileType = sourcecode.swift; path = SearchViewController.swift; sourceTree = "<group>"; };
		CEA80EA92358A55B004C6C70 /* SearchViewController.xib */ = {isa = PBXFileReference; lastKnownFileType = file.xib; path = SearchViewController.xib; sourceTree = "<group>"; };
		CEF2D11323587147005D2C96 /* Sabq.app */ = {isa = PBXFileReference; explicitFileType = wrapper.application; includeInIndex = 0; path = Sabq.app; sourceTree = BUILT_PRODUCTS_DIR; };
		CEF2D11623587147005D2C96 /* AppDelegate.swift */ = {isa = PBXFileReference; lastKnownFileType = sourcecode.swift; path = AppDelegate.swift; sourceTree = "<group>"; };
		CEF2D11823587147005D2C96 /* ViewController.swift */ = {isa = PBXFileReference; lastKnownFileType = sourcecode.swift; path = ViewController.swift; sourceTree = "<group>"; };
		CEF2D11D23587148005D2C96 /* Assets.xcassets */ = {isa = PBXFileReference; lastKnownFileType = folder.assetcatalog; path = Assets.xcassets; sourceTree = "<group>"; };
		CEF2D12023587148005D2C96 /* Base */ = {isa = PBXFileReference; lastKnownFileType = file.storyboard; name = Base; path = Base.lproj/LaunchScreen.storyboard; sourceTree = "<group>"; };
		CEF2D12223587148005D2C96 /* Info.plist */ = {isa = PBXFileReference; lastKnownFileType = text.plist.xml; path = Info.plist; sourceTree = "<group>"; };
		CEF2D137235891FA005D2C96 /* HomeViewController.swift */ = {isa = PBXFileReference; lastKnownFileType = sourcecode.swift; path = HomeViewController.swift; sourceTree = "<group>"; };
		CEF2D138235891FA005D2C96 /* HomeViewController.xib */ = {isa = PBXFileReference; lastKnownFileType = file.xib; path = HomeViewController.xib; sourceTree = "<group>"; };
		CEF2D13B235892D5005D2C96 /* OrdinaryCellTableViewCell.swift */ = {isa = PBXFileReference; lastKnownFileType = sourcecode.swift; path = OrdinaryCellTableViewCell.swift; sourceTree = "<group>"; };
		CEF2D13C235892D5005D2C96 /* OrdinaryCellTableViewCell.xib */ = {isa = PBXFileReference; lastKnownFileType = file.xib; path = OrdinaryCellTableViewCell.xib; sourceTree = "<group>"; };
		CEF2D13F2358930A005D2C96 /* SliderTableViewCell.swift */ = {isa = PBXFileReference; lastKnownFileType = sourcecode.swift; path = SliderTableViewCell.swift; sourceTree = "<group>"; };
		CEF2D1402358930A005D2C96 /* SliderTableViewCell.xib */ = {isa = PBXFileReference; lastKnownFileType = file.xib; path = SliderTableViewCell.xib; sourceTree = "<group>"; };
		F98EF09688DA941D3FFB027A /* Pods_Sabq.framework */ = {isa = PBXFileReference; explicitFileType = wrapper.framework; includeInIndex = 0; path = Pods_Sabq.framework; sourceTree = BUILT_PRODUCTS_DIR; };
/* End PBXFileReference section */

/* Begin PBXFrameworksBuildPhase section */
		CEF2D11023587147005D2C96 /* Frameworks */ = {
			isa = PBXFrameworksBuildPhase;
			buildActionMask = 2147483647;
			files = (
				498772A625C19474567EBB4C /* Pods_Sabq.framework in Frameworks */,
			);
			runOnlyForDeploymentPostprocessing = 0;
		};
/* End PBXFrameworksBuildPhase section */

/* Begin PBXGroup section */
		B16DB9BD235A3B150035ECDF /* SliderCollectionView */ = {
			isa = PBXGroup;
			children = (
				CEF2D13F2358930A005D2C96 /* SliderTableViewCell.swift */,
				CEF2D1402358930A005D2C96 /* SliderTableViewCell.xib */,
				B16DB9BF235A3C1B0035ECDF /* SliderCollectionViewCell.swift */,
				B16DB9C0235A3C1B0035ECDF /* SliderCollectionViewCell.xib */,
			);
			path = SliderCollectionView;
			sourceTree = "<group>";
		};
		B16DB9BE235A3B5F0035ECDF /* OrdinaryTabelViewCell */ = {
			isa = PBXGroup;
			children = (
				CEF2D13B235892D5005D2C96 /* OrdinaryCellTableViewCell.swift */,
				CEF2D13C235892D5005D2C96 /* OrdinaryCellTableViewCell.xib */,
			);
			path = OrdinaryTabelViewCell;
			sourceTree = "<group>";
		};
		CE2BBE34235C60AA00F4D19B /* Entity */ = {
			isa = PBXGroup;
			children = (
				CE2BBE35235C60D100F4D19B /* HomeApiResponse.swift */,
			);
			path = Entity;
			sourceTree = "<group>";
		};
		CE2BBE39235C7D6000F4D19B /* Network */ = {
			isa = PBXGroup;
			children = (
				CE2BBE3B235C7E1C00F4D19B /* News */,
				CE2BBE3A235C7D8300F4D19B /* Core */,
			);
			path = Network;
			sourceTree = "<group>";
		};
		CE2BBE3A235C7D8300F4D19B /* Core */ = {
			isa = PBXGroup;
			children = (
				CE2BBE40235C7E6600F4D19B /* NetworkDefaults.swift */,
				CE2BBE41235C7E6600F4D19B /* NetworkError.swift */,
				CE2BBE42235C7E6600F4D19B /* NetworkManager.swift */,
				CE2BBE43235C7E6600F4D19B /* StaticHeaderPlugin.swift */,
			);
			path = Core;
			sourceTree = "<group>";
		};
		CE2BBE3B235C7E1C00F4D19B /* News */ = {
			isa = PBXGroup;
			children = (
				CE2BBE3C235C7E5700F4D19B /* NetworkService+ActorsService.swift */,
				CE2BBE3D235C7E5700F4D19B /* ProductService.swift */,
			);
			path = News;
			sourceTree = "<group>";
		};
		CE38EA5A235C90D300229585 /* Router */ = {
			isa = PBXGroup;
			children = (
				CE38EA5B235C920600229585 /* Router.swift */,
			);
			path = Router;
			sourceTree = "<group>";
		};
		CE38EA6D235CCD5C00229585 /* Base */ = {
			isa = PBXGroup;
			children = (
				CE38EA6E235CCD8500229585 /* BaseViewController.swift */,
				CE38EA70235CCDC700229585 /* BasePresenterProtocol.swift */,
			);
			path = Base;
			sourceTree = "<group>";
		};
		CE38EA74235CE91C00229585 /* Scenes */ = {
			isa = PBXGroup;
			children = (
				CEF2D13223589117005D2C96 /* HomeScene */,
				CEA80EA72358A51F004C6C70 /* SearchScrean */,
				CEA80EA22358A333004C6C70 /* DetailsScene */,
			);
			path = Scenes;
			sourceTree = "<group>";
		};
		CEA80EA22358A333004C6C70 /* DetailsScene */ = {
			isa = PBXGroup;
			children = (
				CEA80EA32358A35E004C6C70 /* DetailsViewController.swift */,
				CEA80EA42358A35E004C6C70 /* DetailsViewController.xib */,
			);
			path = DetailsScene;
			sourceTree = "<group>";
		};
		CEA80EA72358A51F004C6C70 /* SearchScrean */ = {
			isa = PBXGroup;
			children = (
				CEA80EA82358A55B004C6C70 /* SearchViewController.swift */,
				CEA80EA92358A55B004C6C70 /* SearchViewController.xib */,
			);
			path = SearchScrean;
			sourceTree = "<group>";
		};
		CEF2D10A23587147005D2C96 = {
			isa = PBXGroup;
			children = (
				CEF2D11523587147005D2C96 /* Sabq */,
				CEF2D11423587147005D2C96 /* Products */,
				EA2E39A1E3FD5F217EEC0B27 /* Pods */,
				EA6E7F702161F88B36BD422A /* Frameworks */,
			);
			sourceTree = "<group>";
		};
		CEF2D11423587147005D2C96 /* Products */ = {
			isa = PBXGroup;
			children = (
				CEF2D11323587147005D2C96 /* Sabq.app */,
			);
			name = Products;
			sourceTree = "<group>";
		};
		CEF2D11523587147005D2C96 /* Sabq */ = {
			isa = PBXGroup;
			children = (
				CE38EA6D235CCD5C00229585 /* Base */,
				CE38EA5A235C90D300229585 /* Router */,
				CE2BBE39235C7D6000F4D19B /* Network */,
				CE2BBE34235C60AA00F4D19B /* Entity */,
				CE38EA74235CE91C00229585 /* Scenes */,
				CEF2D11623587147005D2C96 /* AppDelegate.swift */,
				CEF2D11823587147005D2C96 /* ViewController.swift */,
				CEF2D11D23587148005D2C96 /* Assets.xcassets */,
				CEF2D11F23587148005D2C96 /* LaunchScreen.storyboard */,
				CEF2D12223587148005D2C96 /* Info.plist */,
			);
			path = Sabq;
			sourceTree = "<group>";
		};
		CEF2D13223589117005D2C96 /* HomeScene */ = {
			isa = PBXGroup;
			children = (
				B16DB9BE235A3B5F0035ECDF /* OrdinaryTabelViewCell */,
				B16DB9BD235A3B150035ECDF /* SliderCollectionView */,
				CEF2D137235891FA005D2C96 /* HomeViewController.swift */,
				CE38EA72235CCF0400229585 /* HomePresenterProtocol.swift */,
				CE38EA6B235CBC0300229585 /* HomeAdapter.swift */,
				CEF2D138235891FA005D2C96 /* HomeViewController.xib */,
				CE38EA5D235C98E000229585 /* HomeModel.swift */,
				CE38EA5F235C991700229585 /* HomePresenter.swift */,
				CE38EA61235C993B00229585 /* HomeModule.swift */,
				CE38EA63235C9AC900229585 /* HomeViewProtocol.swift */,
				CE38EA67235C9D9E00229585 /* HomeModelProtocol.swift */,
				CE38EA69235CBBD400229585 /* HomeAdapterProtocol.swift */,
			);
			path = HomeScene;
			sourceTree = "<group>";
		};
		EA2E39A1E3FD5F217EEC0B27 /* Pods */ = {
			isa = PBXGroup;
			children = (
				012817EA5DEAD8C964936C39 /* Pods-Sabq.debug.xcconfig */,
				32856859724E71E1228D61A7 /* Pods-Sabq.release.xcconfig */,
			);
			path = Pods;
			sourceTree = "<group>";
		};
		EA6E7F702161F88B36BD422A /* Frameworks */ = {
			isa = PBXGroup;
			children = (
				F98EF09688DA941D3FFB027A /* Pods_Sabq.framework */,
			);
			name = Frameworks;
			sourceTree = "<group>";
		};
/* End PBXGroup section */

/* Begin PBXNativeTarget section */
		CEF2D11223587147005D2C96 /* Sabq */ = {
			isa = PBXNativeTarget;
			buildConfigurationList = CEF2D12523587148005D2C96 /* Build configuration list for PBXNativeTarget "Sabq" */;
			buildPhases = (
				BA0FC390900FCEA294F7F99C /* [CP] Check Pods Manifest.lock */,
				CEF2D10F23587147005D2C96 /* Sources */,
				CEF2D11023587147005D2C96 /* Frameworks */,
				CEF2D11123587147005D2C96 /* Resources */,
				71403DAC546258176B839865 /* [CP] Embed Pods Frameworks */,
			);
			buildRules = (
			);
			dependencies = (
			);
			name = Sabq;
			productName = Sabq;
			productReference = CEF2D11323587147005D2C96 /* Sabq.app */;
			productType = "com.apple.product-type.application";
		};
/* End PBXNativeTarget section */

/* Begin PBXProject section */
		CEF2D10B23587147005D2C96 /* Project object */ = {
			isa = PBXProject;
			attributes = {
				LastSwiftUpdateCheck = 1030;
				LastUpgradeCheck = 1030;
				ORGANIZATIONNAME = EsraaGK;
				TargetAttributes = {
					CEF2D11223587147005D2C96 = {
						CreatedOnToolsVersion = 10.3;
					};
				};
			};
			buildConfigurationList = CEF2D10E23587147005D2C96 /* Build configuration list for PBXProject "Sabq" */;
			compatibilityVersion = "Xcode 9.3";
			developmentRegion = en;
			hasScannedForEncodings = 0;
			knownRegions = (
				en,
				Base,
			);
			mainGroup = CEF2D10A23587147005D2C96;
			productRefGroup = CEF2D11423587147005D2C96 /* Products */;
			projectDirPath = "";
			projectRoot = "";
			targets = (
				CEF2D11223587147005D2C96 /* Sabq */,
			);
		};
/* End PBXProject section */

/* Begin PBXResourcesBuildPhase section */
		CEF2D11123587147005D2C96 /* Resources */ = {
			isa = PBXResourcesBuildPhase;
			buildActionMask = 2147483647;
			files = (
				CEA80EA62358A35E004C6C70 /* DetailsViewController.xib in Resources */,
				CEF2D12123587148005D2C96 /* LaunchScreen.storyboard in Resources */,
				CEF2D11E23587148005D2C96 /* Assets.xcassets in Resources */,
				CEF2D1422358930A005D2C96 /* SliderTableViewCell.xib in Resources */,
				CEF2D13A235891FA005D2C96 /* HomeViewController.xib in Resources */,
				CEA80EAB2358A55B004C6C70 /* SearchViewController.xib in Resources */,
				CEF2D13E235892D5005D2C96 /* OrdinaryCellTableViewCell.xib in Resources */,
				B16DB9C2235A3C1B0035ECDF /* SliderCollectionViewCell.xib in Resources */,
			);
			runOnlyForDeploymentPostprocessing = 0;
		};
/* End PBXResourcesBuildPhase section */

/* Begin PBXShellScriptBuildPhase section */
		71403DAC546258176B839865 /* [CP] Embed Pods Frameworks */ = {
			isa = PBXShellScriptBuildPhase;
			buildActionMask = 2147483647;
			files = (
			);
			inputFileListPaths = (
				"${PODS_ROOT}/Target Support Files/Pods-Sabq/Pods-Sabq-frameworks-${CONFIGURATION}-input-files.xcfilelist",
			);
			name = "[CP] Embed Pods Frameworks";
			outputFileListPaths = (
				"${PODS_ROOT}/Target Support Files/Pods-Sabq/Pods-Sabq-frameworks-${CONFIGURATION}-output-files.xcfilelist",
			);
			runOnlyForDeploymentPostprocessing = 0;
			shellPath = /bin/sh;
			shellScript = "\"${PODS_ROOT}/Target Support Files/Pods-Sabq/Pods-Sabq-frameworks.sh\"\n";
			showEnvVarsInLog = 0;
		};
		BA0FC390900FCEA294F7F99C /* [CP] Check Pods Manifest.lock */ = {
			isa = PBXShellScriptBuildPhase;
			buildActionMask = 2147483647;
			files = (
			);
			inputFileListPaths = (
			);
			inputPaths = (
				"${PODS_PODFILE_DIR_PATH}/Podfile.lock",
				"${PODS_ROOT}/Manifest.lock",
			);
			name = "[CP] Check Pods Manifest.lock";
			outputFileListPaths = (
			);
			outputPaths = (
				"$(DERIVED_FILE_DIR)/Pods-Sabq-checkManifestLockResult.txt",
			);
			runOnlyForDeploymentPostprocessing = 0;
			shellPath = /bin/sh;
			shellScript = "diff \"${PODS_PODFILE_DIR_PATH}/Podfile.lock\" \"${PODS_ROOT}/Manifest.lock\" > /dev/null\nif [ $? != 0 ] ; then\n    # print error to STDERR\n    echo \"error: The sandbox is not in sync with the Podfile.lock. Run 'pod install' or update your CocoaPods installation.\" >&2\n    exit 1\nfi\n# This output is used by Xcode 'outputs' to avoid re-running this script phase.\necho \"SUCCESS\" > \"${SCRIPT_OUTPUT_FILE_0}\"\n";
			showEnvVarsInLog = 0;
		};
/* End PBXShellScriptBuildPhase section */

/* Begin PBXSourcesBuildPhase section */
		CEF2D10F23587147005D2C96 /* Sources */ = {
			isa = PBXSourcesBuildPhase;
			buildActionMask = 2147483647;
			files = (
				CE2BBE3E235C7E5700F4D19B /* NetworkService+ActorsService.swift in Sources */,
				CEF2D1282358732C005D2C96 /* AppDelegate.swift in Sources */,
				CEA80EAA2358A55B004C6C70 /* SearchViewController.swift in Sources */,
				CE38EA5C235C920600229585 /* Router.swift in Sources */,
				CEF2D13D235892D5005D2C96 /* OrdinaryCellTableViewCell.swift in Sources */,
				CE38EA6F235CCD8500229585 /* BaseViewController.swift in Sources */,
				B16DB9C1235A3C1B0035ECDF /* SliderCollectionViewCell.swift in Sources */,
				CEF2D1292358732C005D2C96 /* ViewController.swift in Sources */,
				CEF2D139235891FA005D2C96 /* HomeViewController.swift in Sources */,
				CE38EA6A235CBBD400229585 /* HomeAdapterProtocol.swift in Sources */,
				CE2BBE36235C60D100F4D19B /* HomeApiResponse.swift in Sources */,
				CE38EA5E235C98E000229585 /* HomeModel.swift in Sources */,
				CE2BBE3F235C7E5700F4D19B /* ProductService.swift in Sources */,
				CEF2D1412358930A005D2C96 /* SliderTableViewCell.swift in Sources */,
				CE2BBE46235C7E6600F4D19B /* NetworkManager.swift in Sources */,
				CE38EA73235CCF0400229585 /* HomePresenterProtocol.swift in Sources */,
				CE2BBE45235C7E6600F4D19B /* NetworkError.swift in Sources */,
				CE2BBE44235C7E6600F4D19B /* NetworkDefaults.swift in Sources */,
				CE38EA6C235CBC0300229585 /* HomeAdapter.swift in Sources */,
				CE38EA68235C9D9E00229585 /* HomeModelProtocol.swift in Sources */,
				CE38EA62235C993B00229585 /* HomeModule.swift in Sources */,
				CE38EA71235CCDC700229585 /* BasePresenterProtocol.swift in Sources */,
				CE38EA60235C991700229585 /* HomePresenter.swift in Sources */,
				CE2BBE47235C7E6600F4D19B /* StaticHeaderPlugin.swift in Sources */,
				CEA80EA52358A35E004C6C70 /* DetailsViewController.swift in Sources */,
				CE38EA64235C9AC900229585 /* HomeViewProtocol.swift in Sources */,
			);
			runOnlyForDeploymentPostprocessing = 0;
		};
/* End PBXSourcesBuildPhase section */

/* Begin PBXVariantGroup section */
		CEF2D11F23587148005D2C96 /* LaunchScreen.storyboard */ = {
			isa = PBXVariantGroup;
			children = (
				CEF2D12023587148005D2C96 /* Base */,
			);
			name = LaunchScreen.storyboard;
			sourceTree = "<group>";
		};
/* End PBXVariantGroup section */

/* Begin XCBuildConfiguration section */
		CEF2D12323587148005D2C96 /* Debug */ = {
			isa = XCBuildConfiguration;
			buildSettings = {
				ALWAYS_SEARCH_USER_PATHS = NO;
				CLANG_ANALYZER_NONNULL = YES;
				CLANG_ANALYZER_NUMBER_OBJECT_CONVERSION = YES_AGGRESSIVE;
				CLANG_CXX_LANGUAGE_STANDARD = "gnu++14";
				CLANG_CXX_LIBRARY = "libc++";
				CLANG_ENABLE_MODULES = YES;
				CLANG_ENABLE_OBJC_ARC = YES;
				CLANG_ENABLE_OBJC_WEAK = YES;
				CLANG_WARN_BLOCK_CAPTURE_AUTORELEASING = YES;
				CLANG_WARN_BOOL_CONVERSION = YES;
				CLANG_WARN_COMMA = YES;
				CLANG_WARN_CONSTANT_CONVERSION = YES;
				CLANG_WARN_DEPRECATED_OBJC_IMPLEMENTATIONS = YES;
				CLANG_WARN_DIRECT_OBJC_ISA_USAGE = YES_ERROR;
				CLANG_WARN_DOCUMENTATION_COMMENTS = YES;
				CLANG_WARN_EMPTY_BODY = YES;
				CLANG_WARN_ENUM_CONVERSION = YES;
				CLANG_WARN_INFINITE_RECURSION = YES;
				CLANG_WARN_INT_CONVERSION = YES;
				CLANG_WARN_NON_LITERAL_NULL_CONVERSION = YES;
				CLANG_WARN_OBJC_IMPLICIT_RETAIN_SELF = YES;
				CLANG_WARN_OBJC_LITERAL_CONVERSION = YES;
				CLANG_WARN_OBJC_ROOT_CLASS = YES_ERROR;
				CLANG_WARN_RANGE_LOOP_ANALYSIS = YES;
				CLANG_WARN_STRICT_PROTOTYPES = YES;
				CLANG_WARN_SUSPICIOUS_MOVE = YES;
				CLANG_WARN_UNGUARDED_AVAILABILITY = YES_AGGRESSIVE;
				CLANG_WARN_UNREACHABLE_CODE = YES;
				CLANG_WARN__DUPLICATE_METHOD_MATCH = YES;
				CODE_SIGN_IDENTITY = "iPhone Developer";
				COPY_PHASE_STRIP = NO;
				DEBUG_INFORMATION_FORMAT = dwarf;
				ENABLE_STRICT_OBJC_MSGSEND = YES;
				ENABLE_TESTABILITY = YES;
				GCC_C_LANGUAGE_STANDARD = gnu11;
				GCC_DYNAMIC_NO_PIC = NO;
				GCC_NO_COMMON_BLOCKS = YES;
				GCC_OPTIMIZATION_LEVEL = 0;
				GCC_PREPROCESSOR_DEFINITIONS = (
					"DEBUG=1",
					"$(inherited)",
				);
				GCC_WARN_64_TO_32_BIT_CONVERSION = YES;
				GCC_WARN_ABOUT_RETURN_TYPE = YES_ERROR;
				GCC_WARN_UNDECLARED_SELECTOR = YES;
				GCC_WARN_UNINITIALIZED_AUTOS = YES_AGGRESSIVE;
				GCC_WARN_UNUSED_FUNCTION = YES;
				GCC_WARN_UNUSED_VARIABLE = YES;
				IPHONEOS_DEPLOYMENT_TARGET = 10.2;
				MTL_ENABLE_DEBUG_INFO = INCLUDE_SOURCE;
				MTL_FAST_MATH = YES;
				ONLY_ACTIVE_ARCH = YES;
				SDKROOT = iphoneos;
				SWIFT_ACTIVE_COMPILATION_CONDITIONS = DEBUG;
				SWIFT_OPTIMIZATION_LEVEL = "-Onone";
			};
			name = Debug;
		};
		CEF2D12423587148005D2C96 /* Release */ = {
			isa = XCBuildConfiguration;
			buildSettings = {
				ALWAYS_SEARCH_USER_PATHS = NO;
				CLANG_ANALYZER_NONNULL = YES;
				CLANG_ANALYZER_NUMBER_OBJECT_CONVERSION = YES_AGGRESSIVE;
				CLANG_CXX_LANGUAGE_STANDARD = "gnu++14";
				CLANG_CXX_LIBRARY = "libc++";
				CLANG_ENABLE_MODULES = YES;
				CLANG_ENABLE_OBJC_ARC = YES;
				CLANG_ENABLE_OBJC_WEAK = YES;
				CLANG_WARN_BLOCK_CAPTURE_AUTORELEASING = YES;
				CLANG_WARN_BOOL_CONVERSION = YES;
				CLANG_WARN_COMMA = YES;
				CLANG_WARN_CONSTANT_CONVERSION = YES;
				CLANG_WARN_DEPRECATED_OBJC_IMPLEMENTATIONS = YES;
				CLANG_WARN_DIRECT_OBJC_ISA_USAGE = YES_ERROR;
				CLANG_WARN_DOCUMENTATION_COMMENTS = YES;
				CLANG_WARN_EMPTY_BODY = YES;
				CLANG_WARN_ENUM_CONVERSION = YES;
				CLANG_WARN_INFINITE_RECURSION = YES;
				CLANG_WARN_INT_CONVERSION = YES;
				CLANG_WARN_NON_LITERAL_NULL_CONVERSION = YES;
				CLANG_WARN_OBJC_IMPLICIT_RETAIN_SELF = YES;
				CLANG_WARN_OBJC_LITERAL_CONVERSION = YES;
				CLANG_WARN_OBJC_ROOT_CLASS = YES_ERROR;
				CLANG_WARN_RANGE_LOOP_ANALYSIS = YES;
				CLANG_WARN_STRICT_PROTOTYPES = YES;
				CLANG_WARN_SUSPICIOUS_MOVE = YES;
				CLANG_WARN_UNGUARDED_AVAILABILITY = YES_AGGRESSIVE;
				CLANG_WARN_UNREACHABLE_CODE = YES;
				CLANG_WARN__DUPLICATE_METHOD_MATCH = YES;
				CODE_SIGN_IDENTITY = "iPhone Developer";
				COPY_PHASE_STRIP = NO;
				DEBUG_INFORMATION_FORMAT = "dwarf-with-dsym";
				ENABLE_NS_ASSERTIONS = NO;
				ENABLE_STRICT_OBJC_MSGSEND = YES;
				GCC_C_LANGUAGE_STANDARD = gnu11;
				GCC_NO_COMMON_BLOCKS = YES;
				GCC_WARN_64_TO_32_BIT_CONVERSION = YES;
				GCC_WARN_ABOUT_RETURN_TYPE = YES_ERROR;
				GCC_WARN_UNDECLARED_SELECTOR = YES;
				GCC_WARN_UNINITIALIZED_AUTOS = YES_AGGRESSIVE;
				GCC_WARN_UNUSED_FUNCTION = YES;
				GCC_WARN_UNUSED_VARIABLE = YES;
				IPHONEOS_DEPLOYMENT_TARGET = 10.2;
				MTL_ENABLE_DEBUG_INFO = NO;
				MTL_FAST_MATH = YES;
				SDKROOT = iphoneos;
				SWIFT_COMPILATION_MODE = wholemodule;
				SWIFT_OPTIMIZATION_LEVEL = "-O";
				VALIDATE_PRODUCT = YES;
			};
			name = Release;
		};
		CEF2D12623587148005D2C96 /* Debug */ = {
			isa = XCBuildConfiguration;
			baseConfigurationReference = 012817EA5DEAD8C964936C39 /* Pods-Sabq.debug.xcconfig */;
			buildSettings = {
				ASSETCATALOG_COMPILER_APPICON_NAME = AppIcon;
				CODE_SIGN_STYLE = Automatic;
				INFOPLIST_FILE = Sabq/Info.plist;
				IPHONEOS_DEPLOYMENT_TARGET = 10.2;
				LD_RUNPATH_SEARCH_PATHS = (
					"$(inherited)",
					"@executable_path/Frameworks",
				);
				PRODUCT_BUNDLE_IDENTIFIER = com.EGK.Sabq;
				PRODUCT_NAME = "$(TARGET_NAME)";
				SWIFT_VERSION = 4.2;
				TARGETED_DEVICE_FAMILY = "1,2";
			};
			name = Debug;
		};
		CEF2D12723587148005D2C96 /* Release */ = {
			isa = XCBuildConfiguration;
			baseConfigurationReference = 32856859724E71E1228D61A7 /* Pods-Sabq.release.xcconfig */;
			buildSettings = {
				ASSETCATALOG_COMPILER_APPICON_NAME = AppIcon;
				CODE_SIGN_STYLE = Automatic;
				INFOPLIST_FILE = Sabq/Info.plist;
				IPHONEOS_DEPLOYMENT_TARGET = 10.2;
				LD_RUNPATH_SEARCH_PATHS = (
					"$(inherited)",
					"@executable_path/Frameworks",
				);
				PRODUCT_BUNDLE_IDENTIFIER = com.EGK.Sabq;
				PRODUCT_NAME = "$(TARGET_NAME)";
				SWIFT_VERSION = 4.2;
				TARGETED_DEVICE_FAMILY = "1,2";
			};
			name = Release;
		};
/* End XCBuildConfiguration section */

/* Begin XCConfigurationList section */
		CEF2D10E23587147005D2C96 /* Build configuration list for PBXProject "Sabq" */ = {
			isa = XCConfigurationList;
			buildConfigurations = (
				CEF2D12323587148005D2C96 /* Debug */,
				CEF2D12423587148005D2C96 /* Release */,
			);
			defaultConfigurationIsVisible = 0;
			defaultConfigurationName = Release;
		};
		CEF2D12523587148005D2C96 /* Build configuration list for PBXNativeTarget "Sabq" */ = {
			isa = XCConfigurationList;
			buildConfigurations = (
				CEF2D12623587148005D2C96 /* Debug */,
				CEF2D12723587148005D2C96 /* Release */,
			);
			defaultConfigurationIsVisible = 0;
			defaultConfigurationName = Release;
		};
/* End XCConfigurationList section */
	};
	rootObject = CEF2D10B23587147005D2C96 /* Project object */;
}
