// !$*UTF8*$!
{
	archiveVersion = 1;
	classes = {
	};
	objectVersion = 50;
	objects = {

/* Begin PBXBuildFile section */
		498772A625C19474567EBB4C /* Pods_Sabq.framework in Frameworks */ = {isa = PBXBuildFile; fileRef = F98EF09688DA941D3FFB027A /* Pods_Sabq.framework */; };
		CEF2D11C23587147005D2C96 /* Main.storyboard in Resources */ = {isa = PBXBuildFile; fileRef = CEF2D11A23587147005D2C96 /* Main.storyboard */; };
		CEF2D11E23587148005D2C96 /* Assets.xcassets in Resources */ = {isa = PBXBuildFile; fileRef = CEF2D11D23587148005D2C96 /* Assets.xcassets */; };
		CEF2D12123587148005D2C96 /* LaunchScreen.storyboard in Resources */ = {isa = PBXBuildFile; fileRef = CEF2D11F23587148005D2C96 /* LaunchScreen.storyboard */; };
		CEF2D1282358732C005D2C96 /* AppDelegate.swift in Sources */ = {isa = PBXBuildFile; fileRef = CEF2D11623587147005D2C96 /* AppDelegate.swift */; };
		CEF2D1292358732C005D2C96 /* ViewController.swift in Sources */ = {isa = PBXBuildFile; fileRef = CEF2D11823587147005D2C96 /* ViewController.swift */; };
/* End PBXBuildFile section */

/* Begin PBXFileReference section */
		012817EA5DEAD8C964936C39 /* Pods-Sabq.debug.xcconfig */ = {isa = PBXFileReference; includeInIndex = 1; lastKnownFileType = text.xcconfig; name = "Pods-Sabq.debug.xcconfig"; path = "Target Support Files/Pods-Sabq/Pods-Sabq.debug.xcconfig"; sourceTree = "<group>"; };
		32856859724E71E1228D61A7 /* Pods-Sabq.release.xcconfig */ = {isa = PBXFileReference; includeInIndex = 1; lastKnownFileType = text.xcconfig; name = "Pods-Sabq.release.xcconfig"; path = "Target Support Files/Pods-Sabq/Pods-Sabq.release.xcconfig"; sourceTree = "<group>"; };
		CEF2D11323587147005D2C96 /* Sabq.app */ = {isa = PBXFileReference; explicitFileType = wrapper.application; includeInIndex = 0; path = Sabq.app; sourceTree = BUILT_PRODUCTS_DIR; };
		CEF2D11623587147005D2C96 /* AppDelegate.swift */ = {isa = PBXFileReference; lastKnownFileType = sourcecode.swift; path = AppDelegate.swift; sourceTree = "<group>"; };
		CEF2D11823587147005D2C96 /* ViewController.swift */ = {isa = PBXFileReference; lastKnownFileType = sourcecode.swift; path = ViewController.swift; sourceTree = "<group>"; };
		CEF2D11B23587147005D2C96 /* Base */ = {isa = PBXFileReference; lastKnownFileType = file.storyboard; name = Base; path = Base.lproj/Main.storyboard; sourceTree = "<group>"; };
		CEF2D11D23587148005D2C96 /* Assets.xcassets */ = {isa = PBXFileReference; lastKnownFileType = folder.assetcatalog; path = Assets.xcassets; sourceTree = "<group>"; };
		CEF2D12023587148005D2C96 /* Base */ = {isa = PBXFileReference; lastKnownFileType = file.storyboard; name = Base; path = Base.lproj/LaunchScreen.storyboard; sourceTree = "<group>"; };
		CEF2D12223587148005D2C96 /* Info.plist */ = {isa = PBXFileReference; lastKnownFileType = text.plist.xml; path = Info.plist; sourceTree = "<group>"; };
		F98EF09688DA941D3FFB027A /* Pods_Sabq.framework */ = {isa = PBXFileReference; explicitFileType = wrapper.framework; includeInIndex = 0; path = Pods_Sabq.framework; sourceTree = BUILT_PRODUCTS_DIR; };
/* End PBXFileReference section */

/* Begin PBXFrameworksBuildPhase section */
		CEF2D11023587147005D2C96 /* Frameworks */ = {
			isa = PBXFrameworksBuildPhase;
			buildActionMask = 2147483647;
			files = (
				498772A625C19474567EBB4C /* Pods_Sabq.framework in Frameworks */,
			);
			runOnlyForDeploymentPostprocessing = 0;
		};
/* End PBXFrameworksBuildPhase section */

/* Begin PBXGroup section */
		CEF2D10A23587147005D2C96 = {
			isa = PBXGroup;
			children = (
				CEF2D11523587147005D2C96 /* Sabq */,
				CEF2D11423587147005D2C96 /* Products */,
				EA2E39A1E3FD5F217EEC0B27 /* Pods */,
				EA6E7F702161F88B36BD422A /* Frameworks */,
			);
			sourceTree = "<group>";
		};
		CEF2D11423587147005D2C96 /* Products */ = {
			isa = PBXGroup;
			children = (
				CEF2D11323587147005D2C96 /* Sabq.app */,
			);
			name = Products;
			sourceTree = "<group>";
		};
		CEF2D11523587147005D2C96 /* Sabq */ = {
			isa = PBXGroup;
			children = (
				CEF2D11623587147005D2C96 /* AppDelegate.swift */,
				CEF2D11823587147005D2C96 /* ViewController.swift */,
				CEF2D11A23587147005D2C96 /* Main.storyboard */,
				CEF2D11D23587148005D2C96 /* Assets.xcassets */,
				CEF2D11F23587148005D2C96 /* LaunchScreen.storyboard */,
				CEF2D12223587148005D2C96 /* Info.plist */,
			);
			path = Sabq;
			sourceTree = "<group>";
		};
		EA2E39A1E3FD5F217EEC0B27 /* Pods */ = {
			isa = PBXGroup;
			children = (
				012817EA5DEAD8C964936C39 /* Pods-Sabq.debug.xcconfig */,
				32856859724E71E1228D61A7 /* Pods-Sabq.release.xcconfig */,
			);
			name = Pods;
			path = Pods;
			sourceTree = "<group>";
		};
		EA6E7F702161F88B36BD422A /* Frameworks */ = {
			isa = PBXGroup;
			children = (
				F98EF09688DA941D3FFB027A /* Pods_Sabq.framework */,
			);
			name = Frameworks;
			sourceTree = "<group>";
		};
/* End PBXGroup section */

/* Begin PBXNativeTarget section */
		CEF2D11223587147005D2C96 /* Sabq */ = {
			isa = PBXNativeTarget;
			buildConfigurationList = CEF2D12523587148005D2C96 /* Build configuration list for PBXNativeTarget "Sabq" */;
			buildPhases = (
				BA0FC390900FCEA294F7F99C /* [CP] Check Pods Manifest.lock */,
				CEF2D10F23587147005D2C96 /* Sources */,
				CEF2D11023587147005D2C96 /* Frameworks */,
				CEF2D11123587147005D2C96 /* Resources */,
				71403DAC546258176B839865 /* [CP] Embed Pods Frameworks */,
			);
			buildRules = (
			);
			dependencies = (
			);
			name = Sabq;
			productName = Sabq;
			productReference = CEF2D11323587147005D2C96 /* Sabq.app */;
			productType = "com.apple.product-type.application";
		};
/* End PBXNativeTarget section */

/* Begin PBXProject section */
		CEF2D10B23587147005D2C96 /* Project object */ = {
			isa = PBXProject;
			attributes = {
				LastSwiftUpdateCheck = 1030;
				LastUpgradeCheck = 1030;
				ORGANIZATIONNAME = EsraaGK;
				TargetAttributes = {
					CEF2D11223587147005D2C96 = {
						CreatedOnToolsVersion = 10.3;
					};
				};
			};
			buildConfigurationList = CEF2D10E23587147005D2C96 /* Build configuration list for PBXProject "Sabq" */;
			compatibilityVersion = "Xcode 9.3";
			developmentRegion = en;
			hasScannedForEncodings = 0;
			knownRegions = (
				en,
				Base,
			);
			mainGroup = CEF2D10A23587147005D2C96;
			productRefGroup = CEF2D11423587147005D2C96 /* Products */;
			projectDirPath = "";
			projectRoot = "";
			targets = (
				CEF2D11223587147005D2C96 /* Sabq */,
			);
		};
/* End PBXProject section */

/* Begin PBXResourcesBuildPhase section */
		CEF2D11123587147005D2C96 /* Resources */ = {
			isa = PBXResourcesBuildPhase;
			buildActionMask = 2147483647;
			files = (
				CEF2D12123587148005D2C96 /* LaunchScreen.storyboard in Resources */,
				CEF2D11E23587148005D2C96 /* Assets.xcassets in Resources */,
				CEF2D11C23587147005D2C96 /* Main.storyboard in Resources */,
			);
			runOnlyForDeploymentPostprocessing = 0;
		};
/* End PBXResourcesBuildPhase section */

/* Begin PBXShellScriptBuildPhase section */
		71403DAC546258176B839865 /* [CP] Embed Pods Frameworks */ = {
			isa = PBXShellScriptBuildPhase;
			buildActionMask = 2147483647;
			files = (
			);
			inputFileListPaths = (
				"${PODS_ROOT}/Target Support Files/Pods-Sabq/Pods-Sabq-frameworks-${CONFIGURATION}-input-files.xcfilelist",
			);
			name = "[CP] Embed Pods Frameworks";
			outputFileListPaths = (
				"${PODS_ROOT}/Target Support Files/Pods-Sabq/Pods-Sabq-frameworks-${CONFIGURATION}-output-files.xcfilelist",
			);
			runOnlyForDeploymentPostprocessing = 0;
			shellPath = /bin/sh;
			shellScript = "\"${PODS_ROOT}/Target Support Files/Pods-Sabq/Pods-Sabq-frameworks.sh\"\n";
			showEnvVarsInLog = 0;
		};
		BA0FC390900FCEA294F7F99C /* [CP] Check Pods Manifest.lock */ = {
			isa = PBXShellScriptBuildPhase;
			buildActionMask = 2147483647;
			files = (
			);
			inputFileListPaths = (
			);
			inputPaths = (
				"${PODS_PODFILE_DIR_PATH}/Podfile.lock",
				"${PODS_ROOT}/Manifest.lock",
			);
			name = "[CP] Check Pods Manifest.lock";
			outputFileListPaths = (
			);
			outputPaths = (
				"$(DERIVED_FILE_DIR)/Pods-Sabq-checkManifestLockResult.txt",
			);
			runOnlyForDeploymentPostprocessing = 0;
			shellPath = /bin/sh;
			shellScript = "diff \"${PODS_PODFILE_DIR_PATH}/Podfile.lock\" \"${PODS_ROOT}/Manifest.lock\" > /dev/null\nif [ $? != 0 ] ; then\n    # print error to STDERR\n    echo \"error: The sandbox is not in sync with the Podfile.lock. Run 'pod install' or update your CocoaPods installation.\" >&2\n    exit 1\nfi\n# This output is used by Xcode 'outputs' to avoid re-running this script phase.\necho \"SUCCESS\" > \"${SCRIPT_OUTPUT_FILE_0}\"\n";
			showEnvVarsInLog = 0;
		};
/* End PBXShellScriptBuildPhase section */

/* Begin PBXSourcesBuildPhase section */
		CEF2D10F23587147005D2C96 /* Sources */ = {
			isa = PBXSourcesBuildPhase;
			buildActionMask = 2147483647;
			files = (
				CEF2D1282358732C005D2C96 /* AppDelegate.swift in Sources */,
				CEF2D1292358732C005D2C96 /* ViewController.swift in Sources */,
			);
			runOnlyForDeploymentPostprocessing = 0;
		};
/* End PBXSourcesBuildPhase section */

/* Begin PBXVariantGroup section */
		CEF2D11A23587147005D2C96 /* Main.storyboard */ = {
			isa = PBXVariantGroup;
			children = (
				CEF2D11B23587147005D2C96 /* Base */,
			);
			name = Main.storyboard;
			sourceTree = "<group>";
		};
		CEF2D11F23587148005D2C96 /* LaunchScreen.storyboard */ = {
			isa = PBXVariantGroup;
			children = (
				CEF2D12023587148005D2C96 /* Base */,
			);
			name = LaunchScreen.storyboard;
			sourceTree = "<group>";
		};
/* End PBXVariantGroup section */

/* Begin XCBuildConfiguration section */
		CEF2D12323587148005D2C96 /* Debug */ = {
			isa = XCBuildConfiguration;
			buildSettings = {
				ALWAYS_SEARCH_USER_PATHS = NO;
				CLANG_ANALYZER_NONNULL = YES;
				CLANG_ANALYZER_NUMBER_OBJECT_CONVERSION = YES_AGGRESSIVE;
				CLANG_CXX_LANGUAGE_STANDARD = "gnu++14";
				CLANG_CXX_LIBRARY = "libc++";
				CLANG_ENABLE_MODULES = YES;
				CLANG_ENABLE_OBJC_ARC = YES;
				CLANG_ENABLE_OBJC_WEAK = YES;
				CLANG_WARN_BLOCK_CAPTURE_AUTORELEASING = YES;
				CLANG_WARN_BOOL_CONVERSION = YES;
				CLANG_WARN_COMMA = YES;
				CLANG_WARN_CONSTANT_CONVERSION = YES;
				CLANG_WARN_DEPRECATED_OBJC_IMPLEMENTATIONS = YES;
				CLANG_WARN_DIRECT_OBJC_ISA_USAGE = YES_ERROR;
				CLANG_WARN_DOCUMENTATION_COMMENTS = YES;
				CLANG_WARN_EMPTY_BODY = YES;
				CLANG_WARN_ENUM_CONVERSION = YES;
				CLANG_WARN_INFINITE_RECURSION = YES;
				CLANG_WARN_INT_CONVERSION = YES;
				CLANG_WARN_NON_LITERAL_NULL_CONVERSION = YES;
				CLANG_WARN_OBJC_IMPLICIT_RETAIN_SELF = YES;
				CLANG_WARN_OBJC_LITERAL_CONVERSION = YES;
				CLANG_WARN_OBJC_ROOT_CLASS = YES_ERROR;
				CLANG_WARN_RANGE_LOOP_ANALYSIS = YES;
				CLANG_WARN_STRICT_PROTOTYPES = YES;
				CLANG_WARN_SUSPICIOUS_MOVE = YES;
				CLANG_WARN_UNGUARDED_AVAILABILITY = YES_AGGRESSIVE;
				CLANG_WARN_UNREACHABLE_CODE = YES;
				CLANG_WARN__DUPLICATE_METHOD_MATCH = YES;
				CODE_SIGN_IDENTITY = "iPhone Developer";
				COPY_PHASE_STRIP = NO;
				DEBUG_INFORMATION_FORMAT = dwarf;
				ENABLE_STRICT_OBJC_MSGSEND = YES;
				ENABLE_TESTABILITY = YES;
				GCC_C_LANGUAGE_STANDARD = gnu11;
				GCC_DYNAMIC_NO_PIC = NO;
				GCC_NO_COMMON_BLOCKS = YES;
				GCC_OPTIMIZATION_LEVEL = 0;
				GCC_PREPROCESSOR_DEFINITIONS = (
					"DEBUG=1",
					"$(inherited)",
				);
				GCC_WARN_64_TO_32_BIT_CONVERSION = YES;
				GCC_WARN_ABOUT_RETURN_TYPE = YES_ERROR;
				GCC_WARN_UNDECLARED_SELECTOR = YES;
				GCC_WARN_UNINITIALIZED_AUTOS = YES_AGGRESSIVE;
				GCC_WARN_UNUSED_FUNCTION = YES;
				GCC_WARN_UNUSED_VARIABLE = YES;
				IPHONEOS_DEPLOYMENT_TARGET = 12.4;
				MTL_ENABLE_DEBUG_INFO = INCLUDE_SOURCE;
				MTL_FAST_MATH = YES;
				ONLY_ACTIVE_ARCH = YES;
				SDKROOT = iphoneos;
				SWIFT_ACTIVE_COMPILATION_CONDITIONS = DEBUG;
				SWIFT_OPTIMIZATION_LEVEL = "-Onone";
			};
			name = Debug;
		};
		CEF2D12423587148005D2C96 /* Release */ = {
			isa = XCBuildConfiguration;
			buildSettings = {
				ALWAYS_SEARCH_USER_PATHS = NO;
				CLANG_ANALYZER_NONNULL = YES;
				CLANG_ANALYZER_NUMBER_OBJECT_CONVERSION = YES_AGGRESSIVE;
				CLANG_CXX_LANGUAGE_STANDARD = "gnu++14";
				CLANG_CXX_LIBRARY = "libc++";
				CLANG_ENABLE_MODULES = YES;
				CLANG_ENABLE_OBJC_ARC = YES;
				CLANG_ENABLE_OBJC_WEAK = YES;
				CLANG_WARN_BLOCK_CAPTURE_AUTORELEASING = YES;
				CLANG_WARN_BOOL_CONVERSION = YES;
				CLANG_WARN_COMMA = YES;
				CLANG_WARN_CONSTANT_CONVERSION = YES;
				CLANG_WARN_DEPRECATED_OBJC_IMPLEMENTATIONS = YES;
				CLANG_WARN_DIRECT_OBJC_ISA_USAGE = YES_ERROR;
				CLANG_WARN_DOCUMENTATION_COMMENTS = YES;
				CLANG_WARN_EMPTY_BODY = YES;
				CLANG_WARN_ENUM_CONVERSION = YES;
				CLANG_WARN_INFINITE_RECURSION = YES;
				CLANG_WARN_INT_CONVERSION = YES;
				CLANG_WARN_NON_LITERAL_NULL_CONVERSION = YES;
				CLANG_WARN_OBJC_IMPLICIT_RETAIN_SELF = YES;
				CLANG_WARN_OBJC_LITERAL_CONVERSION = YES;
				CLANG_WARN_OBJC_ROOT_CLASS = YES_ERROR;
				CLANG_WARN_RANGE_LOOP_ANALYSIS = YES;
				CLANG_WARN_STRICT_PROTOTYPES = YES;
				CLANG_WARN_SUSPICIOUS_MOVE = YES;
				CLANG_WARN_UNGUARDED_AVAILABILITY = YES_AGGRESSIVE;
				CLANG_WARN_UNREACHABLE_CODE = YES;
				CLANG_WARN__DUPLICATE_METHOD_MATCH = YES;
				CODE_SIGN_IDENTITY = "iPhone Developer";
				COPY_PHASE_STRIP = NO;
				DEBUG_INFORMATION_FORMAT = "dwarf-with-dsym";
				ENABLE_NS_ASSERTIONS = NO;
				ENABLE_STRICT_OBJC_MSGSEND = YES;
				GCC_C_LANGUAGE_STANDARD = gnu11;
				GCC_NO_COMMON_BLOCKS = YES;
				GCC_WARN_64_TO_32_BIT_CONVERSION = YES;
				GCC_WARN_ABOUT_RETURN_TYPE = YES_ERROR;
				GCC_WARN_UNDECLARED_SELECTOR = YES;
				GCC_WARN_UNINITIALIZED_AUTOS = YES_AGGRESSIVE;
				GCC_WARN_UNUSED_FUNCTION = YES;
				GCC_WARN_UNUSED_VARIABLE = YES;
				IPHONEOS_DEPLOYMENT_TARGET = 12.4;
				MTL_ENABLE_DEBUG_INFO = NO;
				MTL_FAST_MATH = YES;
				SDKROOT = iphoneos;
				SWIFT_COMPILATION_MODE = wholemodule;
				SWIFT_OPTIMIZATION_LEVEL = "-O";
				VALIDATE_PRODUCT = YES;
			};
			name = Release;
		};
		CEF2D12623587148005D2C96 /* Debug */ = {
			isa = XCBuildConfiguration;
			baseConfigurationReference = 012817EA5DEAD8C964936C39 /* Pods-Sabq.debug.xcconfig */;
			buildSettings = {
				ASSETCATALOG_COMPILER_APPICON_NAME = AppIcon;
				CODE_SIGN_STYLE = Automatic;
				INFOPLIST_FILE = Sabq/Info.plist;
				LD_RUNPATH_SEARCH_PATHS = (
					"$(inherited)",
					"@executable_path/Frameworks",
				);
				PRODUCT_BUNDLE_IDENTIFIER = com.EGK.Sabq;
				PRODUCT_NAME = "$(TARGET_NAME)";
				SWIFT_VERSION = 5.0;
				TARGETED_DEVICE_FAMILY = "1,2";
			};
			name = Debug;
		};
		CEF2D12723587148005D2C96 /* Release */ = {
			isa = XCBuildConfiguration;
			baseConfigurationReference = 32856859724E71E1228D61A7 /* Pods-Sabq.release.xcconfig */;
			buildSettings = {
				ASSETCATALOG_COMPILER_APPICON_NAME = AppIcon;
				CODE_SIGN_STYLE = Automatic;
				INFOPLIST_FILE = Sabq/Info.plist;
				LD_RUNPATH_SEARCH_PATHS = (
					"$(inherited)",
					"@executable_path/Frameworks",
				);
				PRODUCT_BUNDLE_IDENTIFIER = com.EGK.Sabq;
				PRODUCT_NAME = "$(TARGET_NAME)";
				SWIFT_VERSION = 5.0;
				TARGETED_DEVICE_FAMILY = "1,2";
			};
			name = Release;
		};
/* End XCBuildConfiguration section */

/* Begin XCConfigurationList section */
		CEF2D10E23587147005D2C96 /* Build configuration list for PBXProject "Sabq" */ = {
			isa = XCConfigurationList;
			buildConfigurations = (
				CEF2D12323587148005D2C96 /* Debug */,
				CEF2D12423587148005D2C96 /* Release */,
			);
			defaultConfigurationIsVisible = 0;
			defaultConfigurationName = Release;
		};
		CEF2D12523587148005D2C96 /* Build configuration list for PBXNativeTarget "Sabq" */ = {
			isa = XCConfigurationList;
			buildConfigurations = (
				CEF2D12623587148005D2C96 /* Debug */,
				CEF2D12723587148005D2C96 /* Release */,
			);
			defaultConfigurationIsVisible = 0;
			defaultConfigurationName = Release;
		};
/* End XCConfigurationList section */
	};
	rootObject = CEF2D10B23587147005D2C96 /* Project object */;
}
